{
  "nodes": {
    "emacs-overlay": {
      "locked": {
        "lastModified": 1629192343,
        "narHash": "sha256-L7RC+jTIWNm/+scGLNXNsOrU0rm90yESa7LG+Ke/YrE=",
        "owner": "nix-community",
        "repo": "emacs-overlay",
        "rev": "c2aa7457ac69ab851c57e1fbd7660f131f343ea0",
        "type": "github"
      },
      "original": {
        "owner": "nix-community",
        "repo": "emacs-overlay",
        "type": "github"
      }
    },
    "home-manager": {
      "inputs": {
        "nixpkgs": [
          "nixpkgs"
        ]
      },
      "locked": {
        "lastModified": 1629151238,
        "narHash": "sha256-brMNLZLz8u9+6tSJ9J8dWkp1sT2mFiO3g2jQZVu+rtQ=",
        "owner": "rycee",
        "repo": "home-manager",
        "rev": "ad0fc085c7b954d5813a950cf0db7143e6b049e3",
        "type": "github"
      },
      "original": {
        "owner": "rycee",
        "ref": "master",
        "repo": "home-manager",
        "type": "github"
      }
    },
    "nixos-hardware": {
      "locked": {
        "lastModified": 1629007385,
        "narHash": "sha256-TmLKeB7IACvhmB85/4BCOh84l2cQYc607ZWlKWl/Uec=",
        "owner": "nixos",
        "repo": "nixos-hardware",
        "rev": "566f4da36652b1fe404346aafcd2cd02fecf7d43",
        "type": "github"
      },
      "original": {
        "owner": "nixos",
        "repo": "nixos-hardware",
        "type": "github"
      }
    },
    "nixpkgs": {
      "locked": {
        "lastModified": 1629048390,
        "narHash": "sha256-do7HuXFSKyj4ulMlRvGigNZCqOaGD9i0M3OLkFQgEAc=",
        "owner": "NixOS",
        "repo": "nixpkgs",
        "rev": "e41ba38114055832e5ba4a851e9c00149eef3e4a",
        "type": "github"
      },
      "original": {
        "id": "nixpkgs",
        "ref": "nixos-unstable",
        "type": "indirect"
      }
    },
    "nixpkgs-unstable": {
      "locked": {
        "lastModified": 1629114365,
        "narHash": "sha256-EkJ2Z1iJV8SHrLy1k4Lu6ncuJ3W0le6ZsATWfXzIJfs=",
        "owner": "NixOS",
        "repo": "nixpkgs",
        "rev": "01066edddd79d114313019e973125636a2bd79e0",
        "type": "github"
      },
      "original": {
        "id": "nixpkgs",
        "ref": "nixpkgs-unstable",
        "type": "indirect"
      }
    },
    "root": {
      "inputs": {
        "emacs-overlay": "emacs-overlay",
        "home-manager": "home-manager",
        "nixos-hardware": "nixos-hardware",
        "nixpkgs": "nixpkgs",
        "nixpkgs-unstable": "nixpkgs-unstable"
      }
    }
  },
  "root": "root",
  "version": 7
}
