{
  "nodes": {
    "home-manager": {
      "inputs": {
        "nixpkgs": [
          "nixpkgs"
        ]
      },
      "locked": {
        "lastModified": 1624612706,
        "narHash": "sha256-HfuNvpN/T8TZrOTyjbLCjI4GqbYuQ5oAWZO/4T2Mj34=",
        "owner": "rycee",
        "repo": "home-manager",
        "rev": "0ada50fc9c620f7ad9f7c6ff70bf40514f4400a9",
        "type": "github"
      },
      "original": {
        "owner": "rycee",
        "ref": "master",
        "repo": "home-manager",
        "type": "github"
      }
    },
    "nixos-hardware": {
      "locked": {
        "lastModified": 1624713701,
        "narHash": "sha256-miYoO9/M+ZYlNPknRF9VYh6bQEQCPPz6lM0Pb60jbPk=",
        "owner": "nixos",
        "repo": "nixos-hardware",
        "rev": "03c60a2db286bcd8ecfac9a8739c50626ca0fd8e",
        "type": "github"
      },
      "original": {
        "owner": "nixos",
        "repo": "nixos-hardware",
        "type": "github"
      }
    },
    "nixpkgs": {
      "locked": {
        "lastModified": 1624447853,
        "narHash": "sha256-Zn+vTEa3NE9q6z6ytpcNXrr8jV7HvrKRxMYoD2E6DpE=",
        "owner": "NixOS",
        "repo": "nixpkgs",
        "rev": "1905f5f2e55e0db0bb6244cfe62cb6c0dbda391d",
        "type": "github"
      },
      "original": {
        "id": "nixpkgs",
        "ref": "nixos-unstable",
        "type": "indirect"
      }
    },
    "nixpkgs-unstable": {
      "locked": {
        "lastModified": 1624714609,
        "narHash": "sha256-N4G0wPYTn3jqRyAl2QfjjJ0i4U4EyF6vu4P7+SL6I7Q=",
        "owner": "NixOS",
        "repo": "nixpkgs",
        "rev": "867c0f85406e5f07192d0d3efeed0260f34fe74a",
        "type": "github"
      },
      "original": {
        "id": "nixpkgs",
        "ref": "master",
        "type": "indirect"
      }
    },
    "root": {
      "inputs": {
        "home-manager": "home-manager",
        "nixos-hardware": "nixos-hardware",
        "nixpkgs": "nixpkgs",
        "nixpkgs-unstable": "nixpkgs-unstable"
      }
    }
  },
  "root": "root",
  "version": 7
}
