{
  "nodes": {
    "agenix": {
      "inputs": {
        "nixpkgs": [
          "nixpkgs"
        ]
      },
      "locked": {
        "lastModified": 1634404028,
        "narHash": "sha256-JyP2Y6JCCYvUcVz7CXX5pXUfTGTU4GX51Yza82BgMfk=",
        "owner": "ryantm",
        "repo": "agenix",
        "rev": "53aa91b4170da35a96fab1577c9a34bc0da44e27",
        "type": "github"
      },
      "original": {
        "owner": "ryantm",
        "repo": "agenix",
        "type": "github"
      }
    },
    "emacs-overlay": {
      "locked": {
        "lastModified": 1637141278,
        "narHash": "sha256-j4TTb8Df1DNhM7t5YwV0W61XHvwaNyrSjjc2rHUiQrM=",
        "owner": "nix-community",
        "repo": "emacs-overlay",
        "rev": "fc142bc7a508fb3e211fa08402355e3105a6f301",
        "type": "github"
      },
      "original": {
        "owner": "nix-community",
        "repo": "emacs-overlay",
        "type": "github"
      }
    },
    "home-manager": {
      "inputs": {
        "nixpkgs": [
          "nixpkgs"
        ]
      },
      "locked": {
        "lastModified": 1637088670,
        "narHash": "sha256-d49wUICXl1iItqvk0lbMwjpUbro86mBrV6876C+SLcA=",
        "owner": "rycee",
        "repo": "home-manager",
        "rev": "5559ef002306dde0093f3d329725259cada9ed41",
        "type": "github"
      },
      "original": {
        "owner": "rycee",
        "ref": "master",
        "repo": "home-manager",
        "type": "github"
      }
    },
    "nixos-hardware": {
      "locked": {
        "lastModified": 1636877509,
        "narHash": "sha256-0c2fnIlpNqcgxg8JK6Qa3iY4r93MFn2TQ4/3y9W5B7g=",
        "owner": "nixos",
        "repo": "nixos-hardware",
        "rev": "4045d5f43aff4440661d8912fc6e373188d15b5b",
        "type": "github"
      },
      "original": {
        "owner": "nixos",
        "repo": "nixos-hardware",
        "type": "github"
      }
    },
    "nixpkgs": {
      "locked": {
        "lastModified": 1636976544,
        "narHash": "sha256-9ZmdyoRz4Qu8bP5BKR1T10YbzcB9nvCeQjOEw2cRKR0=",
        "owner": "NixOS",
        "repo": "nixpkgs",
        "rev": "931ab058daa7e4cd539533963f95e2bb0dbd41e6",
        "type": "github"
      },
      "original": {
        "id": "nixpkgs",
        "ref": "nixos-unstable",
        "type": "indirect"
      }
    },
    "nixpkgs-unstable": {
      "locked": {
        "lastModified": 1636886446,
        "narHash": "sha256-4xsVM2H8CG3d/3V+GqDDLDOmb3kdrugbqKVyrg8Q/zc=",
        "owner": "NixOS",
        "repo": "nixpkgs",
        "rev": "5cb226a06c49f7a2d02863d0b5786a310599df6b",
        "type": "github"
      },
      "original": {
        "id": "nixpkgs",
        "ref": "nixpkgs-unstable",
        "type": "indirect"
      }
    },
    "root": {
      "inputs": {
        "agenix": "agenix",
        "emacs-overlay": "emacs-overlay",
        "home-manager": "home-manager",
        "nixos-hardware": "nixos-hardware",
        "nixpkgs": "nixpkgs",
        "nixpkgs-unstable": "nixpkgs-unstable"
      }
    }
  },
  "root": "root",
  "version": 7
}
